<?xml version="1.0" encoding="utf-8"?>
<Project ToolsVersion="4.0" xmlns="http://schemas.microsoft.com/developer/msbuild/2003">
  <ItemGroup>
    <Filter Include="Source Files">
      <UniqueIdentifier>{7b9a7b1c-1772-40fc-adf4-4fc1b45c3f37}</UniqueIdentifier>
      <Extensions>cpp</Extensions>
    </Filter>
    <Filter Include="Header Files">
      <UniqueIdentifier>{98ea5791-cdc0-42fc-b30c-e16f6d879a18}</UniqueIdentifier>
      <Extensions>h</Extensions>
    </Filter>
    <Filter Include="Miscellaneous Files">
      <UniqueIdentifier>{123b292e-5090-40c5-9773-79111af07a3b}</UniqueIdentifier>
      <Extensions>txt</Extensions>
    </Filter>
  </ItemGroup>
  <ItemGroup>
    <ClCompile Include="addRayZapperOffsetAttrsCmd.cpp">
      <Filter>Source Files</Filter>
    </ClCompile>
    <ClCompile Include="connectCollisionObjToRayZapperCmd.cpp">
      <Filter>Source Files</Filter>
    </ClCompile>
    <ClCompile Include="connectPointerToRayZapperCmd.cpp">
      <Filter>Source Files</Filter>
    </ClCompile>
    <ClCompile Include="pluginMain.cpp">
      <Filter>Source Files</Filter>
    </ClCompile>
    <ClCompile Include="rayZapperNode.cpp">
      <Filter>Source Files</Filter>
    </ClCompile>
  </ItemGroup>
  <ItemGroup>
    <ClInclude Include="addRayZapperOffsetAttrsCmd.h">
      <Filter>Header Files</Filter>
    </ClInclude>
    <ClInclude Include="connectCollisionObjToRayZapperCmd.h">
      <Filter>Header Files</Filter>
    </ClInclude>
    <ClInclude Include="connectPointerToRayZapperCmd.h">
      <Filter>Header Files</Filter>
    </ClInclude>
    <ClInclude Include="rayZapperNode.h">
      <Filter>Header Files</Filter>
    </ClInclude>
  </ItemGroup>
  <ItemGroup>
    <Text Include="Options.txt">
      <Filter>Miscellaneous Files</Filter>
    </Text>
    <Text Include="ReadMe.txt">
      <Filter>Miscellaneous Files</Filter>
    </Text>
  </ItemGroup>
</Project>